// !$*UTF8*$!
{
	archiveVersion = 1;
	classes = {
	};
	objectVersion = 46;
	objects = {

/* Begin PBXBuildFile section */
		1907C5111E4D22FA00BD7623 /* AppDelegate.swift in Sources */ = {isa = PBXBuildFile; fileRef = 1907C5101E4D22FA00BD7623 /* AppDelegate.swift */; };
		1907C5131E4D22FA00BD7623 /* ViewController.swift in Sources */ = {isa = PBXBuildFile; fileRef = 1907C5121E4D22FA00BD7623 /* ViewController.swift */; };
		1907C5161E4D22FA00BD7623 /* Main.storyboard in Resources */ = {isa = PBXBuildFile; fileRef = 1907C5141E4D22FA00BD7623 /* Main.storyboard */; };
		1907C5181E4D22FA00BD7623 /* Assets.xcassets in Resources */ = {isa = PBXBuildFile; fileRef = 1907C5171E4D22FA00BD7623 /* Assets.xcassets */; };
		1907C51B1E4D22FA00BD7623 /* LaunchScreen.storyboard in Resources */ = {isa = PBXBuildFile; fileRef = 1907C5191E4D22FA00BD7623 /* LaunchScreen.storyboard */; };
		1907C5231E4D240C00BD7623 /* Student.swift in Sources */ = {isa = PBXBuildFile; fileRef = 1907C5221E4D240C00BD7623 /* Student.swift */; };
		1907C5251E4D2CB200BD7623 /* StudentHandler.swift in Sources */ = {isa = PBXBuildFile; fileRef = 1907C5241E4D2CB200BD7623 /* StudentHandler.swift */; };
		191D141A1E56496D009E1C67 /* StudentCell.swift in Sources */ = {isa = PBXBuildFile; fileRef = 191D14191E56496D009E1C67 /* StudentCell.swift */; };
		191D141C1E565264009E1C67 /* AddStudentViewController.swift in Sources */ = {isa = PBXBuildFile; fileRef = 191D141B1E565264009E1C67 /* AddStudentViewController.swift */; };
		1944F8C91E579879000F5776 /* StudentsTableViewController.swift in Sources */ = {isa = PBXBuildFile; fileRef = 1944F8C81E579879000F5776 /* StudentsTableViewController.swift */; };
/* End PBXBuildFile section */

/* Begin PBXFileReference section */
		1907C50D1E4D22FA00BD7623 /* HallPass.app */ = {isa = PBXFileReference; explicitFileType = wrapper.application; includeInIndex = 0; path = HallPass.app; sourceTree = BUILT_PRODUCTS_DIR; };
		1907C5101E4D22FA00BD7623 /* AppDelegate.swift */ = {isa = PBXFileReference; lastKnownFileType = sourcecode.swift; path = AppDelegate.swift; sourceTree = "<group>"; };
		1907C5121E4D22FA00BD7623 /* ViewController.swift */ = {isa = PBXFileReference; lastKnownFileType = sourcecode.swift; path = ViewController.swift; sourceTree = "<group>"; };
		1907C5151E4D22FA00BD7623 /* Base */ = {isa = PBXFileReference; lastKnownFileType = file.storyboard; name = Base; path = Base.lproj/Main.storyboard; sourceTree = "<group>"; };
		1907C5171E4D22FA00BD7623 /* Assets.xcassets */ = {isa = PBXFileReference; lastKnownFileType = folder.assetcatalog; path = Assets.xcassets; sourceTree = "<group>"; };
		1907C51A1E4D22FA00BD7623 /* Base */ = {isa = PBXFileReference; lastKnownFileType = file.storyboard; name = Base; path = Base.lproj/LaunchScreen.storyboard; sourceTree = "<group>"; };
		1907C51C1E4D22FA00BD7623 /* Info.plist */ = {isa = PBXFileReference; lastKnownFileType = text.plist.xml; path = Info.plist; sourceTree = "<group>"; };
		1907C5221E4D240C00BD7623 /* Student.swift */ = {isa = PBXFileReference; fileEncoding = 4; lastKnownFileType = sourcecode.swift; path = Student.swift; sourceTree = "<group>"; };
		1907C5241E4D2CB200BD7623 /* StudentHandler.swift */ = {isa = PBXFileReference; fileEncoding = 4; lastKnownFileType = sourcecode.swift; path = StudentHandler.swift; sourceTree = "<group>"; };
		191D14191E56496D009E1C67 /* StudentCell.swift */ = {isa = PBXFileReference; fileEncoding = 4; lastKnownFileType = sourcecode.swift; path = StudentCell.swift; sourceTree = "<group>"; };
		191D141B1E565264009E1C67 /* AddStudentViewController.swift */ = {isa = PBXFileReference; fileEncoding = 4; lastKnownFileType = sourcecode.swift; path = AddStudentViewController.swift; sourceTree = "<group>"; };
		1944F8C81E579879000F5776 /* StudentsTableViewController.swift */ = {isa = PBXFileReference; fileEncoding = 4; lastKnownFileType = sourcecode.swift; name = StudentsTableViewController.swift; path = ../StudentsTableViewController.swift; sourceTree = "<group>"; };
/* End PBXFileReference section */

/* Begin PBXFrameworksBuildPhase section */
		1907C50A1E4D22FA00BD7623 /* Frameworks */ = {
			isa = PBXFrameworksBuildPhase;
			buildActionMask = 2147483647;
			files = (
			);
			runOnlyForDeploymentPostprocessing = 0;
		};
/* End PBXFrameworksBuildPhase section */

/* Begin PBXGroup section */
		1907C5041E4D22FA00BD7623 = {
			isa = PBXGroup;
			children = (
				1907C50F1E4D22FA00BD7623 /* HallPass */,
				1907C50E1E4D22FA00BD7623 /* Products */,
			);
			sourceTree = "<group>";
		};
		1907C50E1E4D22FA00BD7623 /* Products */ = {
			isa = PBXGroup;
			children = (
				1907C50D1E4D22FA00BD7623 /* HallPass.app */,
			);
			name = Products;
			sourceTree = "<group>";
		};
		1907C50F1E4D22FA00BD7623 /* HallPass */ = {
			isa = PBXGroup;
			children = (
				1907C5101E4D22FA00BD7623 /* AppDelegate.swift */,
				1907C5121E4D22FA00BD7623 /* ViewController.swift */,
				1907C5141E4D22FA00BD7623 /* Main.storyboard */,
				1944F8C81E579879000F5776 /* StudentsTableViewController.swift */,
				191D141B1E565264009E1C67 /* AddStudentViewController.swift */,
				191D14191E56496D009E1C67 /* StudentCell.swift */,
				1907C5221E4D240C00BD7623 /* Student.swift */,
				1907C5241E4D2CB200BD7623 /* StudentHandler.swift */,
				1907C5171E4D22FA00BD7623 /* Assets.xcassets */,
				1907C5191E4D22FA00BD7623 /* LaunchScreen.storyboard */,
				1907C51C1E4D22FA00BD7623 /* Info.plist */,
			);
			path = HallPass;
			sourceTree = "<group>";
		};
/* End PBXGroup section */

/* Begin PBXNativeTarget section */
		1907C50C1E4D22FA00BD7623 /* HallPass */ = {
			isa = PBXNativeTarget;
			buildConfigurationList = 1907C51F1E4D22FA00BD7623 /* Build configuration list for PBXNativeTarget "HallPass" */;
			buildPhases = (
				1907C5091E4D22FA00BD7623 /* Sources */,
				1907C50A1E4D22FA00BD7623 /* Frameworks */,
				1907C50B1E4D22FA00BD7623 /* Resources */,
			);
			buildRules = (
			);
			dependencies = (
			);
			name = HallPass;
			productName = HallPass;
			productReference = 1907C50D1E4D22FA00BD7623 /* HallPass.app */;
			productType = "com.apple.product-type.application";
		};
/* End PBXNativeTarget section */

/* Begin PBXProject section */
		1907C5051E4D22FA00BD7623 /* Project object */ = {
			isa = PBXProject;
			attributes = {
				LastSwiftUpdateCheck = 0820;
				LastUpgradeCheck = 0820;
				ORGANIZATIONNAME = "Mitchell Gant";
				TargetAttributes = {
					1907C50C1E4D22FA00BD7623 = {
						CreatedOnToolsVersion = 8.2.1;
						ProvisioningStyle = Automatic;
					};
				};
			};
			buildConfigurationList = 1907C5081E4D22FA00BD7623 /* Build configuration list for PBXProject "HallPass" */;
			compatibilityVersion = "Xcode 3.2";
			developmentRegion = English;
			hasScannedForEncodings = 0;
			knownRegions = (
				en,
				Base,
			);
			mainGroup = 1907C5041E4D22FA00BD7623;
			productRefGroup = 1907C50E1E4D22FA00BD7623 /* Products */;
			projectDirPath = "";
			projectRoot = "";
			targets = (
				1907C50C1E4D22FA00BD7623 /* HallPass */,
			);
		};
/* End PBXProject section */

/* Begin PBXResourcesBuildPhase section */
		1907C50B1E4D22FA00BD7623 /* Resources */ = {
			isa = PBXResourcesBuildPhase;
			buildActionMask = 2147483647;
			files = (
				1907C51B1E4D22FA00BD7623 /* LaunchScreen.storyboard in Resources */,
				1907C5181E4D22FA00BD7623 /* Assets.xcassets in Resources */,
				1907C5161E4D22FA00BD7623 /* Main.storyboard in Resources */,
			);
			runOnlyForDeploymentPostprocessing = 0;
		};
/* End PBXResourcesBuildPhase section */

/* Begin PBXSourcesBuildPhase section */
		1907C5091E4D22FA00BD7623 /* Sources */ = {
			isa = PBXSourcesBuildPhase;
			buildActionMask = 2147483647;
			files = (
				1907C5251E4D2CB200BD7623 /* StudentHandler.swift in Sources */,
				191D141C1E565264009E1C67 /* AddStudentViewController.swift in Sources */,
				1907C5131E4D22FA00BD7623 /* ViewController.swift in Sources */,
				1907C5231E4D240C00BD7623 /* Student.swift in Sources */,
				191D141A1E56496D009E1C67 /* StudentCell.swift in Sources */,
				1944F8C91E579879000F5776 /* StudentsTableViewController.swift in Sources */,
				1907C5111E4D22FA00BD7623 /* AppDelegate.swift in Sources */,
			);
			runOnlyForDeploymentPostprocessing = 0;
		};
/* End PBXSourcesBuildPhase section */

/* Begin PBXVariantGroup section */
		1907C5141E4D22FA00BD7623 /* Main.storyboard */ = {
			isa = PBXVariantGroup;
			children = (
				1907C5151E4D22FA00BD7623 /* Base */,
			);
			name = Main.storyboard;
			sourceTree = "<group>";
		};
		1907C5191E4D22FA00BD7623 /* LaunchScreen.storyboard */ = {
			isa = PBXVariantGroup;
			children = (
				1907C51A1E4D22FA00BD7623 /* Base */,
			);
			name = LaunchScreen.storyboard;
			sourceTree = "<group>";
		};
/* End PBXVariantGroup section */

/* Begin XCBuildConfiguration section */
		1907C51D1E4D22FA00BD7623 /* Debug */ = {
			isa = XCBuildConfiguration;
			buildSettings = {
				ALWAYS_SEARCH_USER_PATHS = NO;
				CLANG_ANALYZER_NONNULL = YES;
				CLANG_CXX_LANGUAGE_STANDARD = "gnu++0x";
				CLANG_CXX_LIBRARY = "libc++";
				CLANG_ENABLE_MODULES = YES;
				CLANG_ENABLE_OBJC_ARC = YES;
				CLANG_WARN_BOOL_CONVERSION = YES;
				CLANG_WARN_CONSTANT_CONVERSION = YES;
				CLANG_WARN_DIRECT_OBJC_ISA_USAGE = YES_ERROR;
				CLANG_WARN_DOCUMENTATION_COMMENTS = YES;
				CLANG_WARN_EMPTY_BODY = YES;
				CLANG_WARN_ENUM_CONVERSION = YES;
				CLANG_WARN_INFINITE_RECURSION = YES;
				CLANG_WARN_INT_CONVERSION = YES;
				CLANG_WARN_OBJC_ROOT_CLASS = YES_ERROR;
				CLANG_WARN_SUSPICIOUS_MOVE = YES;
				CLANG_WARN_UNREACHABLE_CODE = YES;
				CLANG_WARN__DUPLICATE_METHOD_MATCH = YES;
				"CODE_SIGN_IDENTITY[sdk=iphoneos*]" = "iPhone Developer";
				COPY_PHASE_STRIP = NO;
				DEBUG_INFORMATION_FORMAT = dwarf;
				ENABLE_STRICT_OBJC_MSGSEND = YES;
				ENABLE_TESTABILITY = YES;
				GCC_C_LANGUAGE_STANDARD = gnu99;
				GCC_DYNAMIC_NO_PIC = NO;
				GCC_NO_COMMON_BLOCKS = YES;
				GCC_OPTIMIZATION_LEVEL = 0;
				GCC_PREPROCESSOR_DEFINITIONS = (
					"DEBUG=1",
					"$(inherited)",
				);
				GCC_WARN_64_TO_32_BIT_CONVERSION = YES;
				GCC_WARN_ABOUT_RETURN_TYPE = YES_ERROR;
				GCC_WARN_UNDECLARED_SELECTOR = YES;
				GCC_WARN_UNINITIALIZED_AUTOS = YES_AGGRESSIVE;
				GCC_WARN_UNUSED_FUNCTION = YES;
				GCC_WARN_UNUSED_VARIABLE = YES;
				IPHONEOS_DEPLOYMENT_TARGET = 10.2;
				MTL_ENABLE_DEBUG_INFO = YES;
				ONLY_ACTIVE_ARCH = YES;
				SDKROOT = iphoneos;
				SWIFT_ACTIVE_COMPILATION_CONDITIONS = DEBUG;
				SWIFT_OPTIMIZATION_LEVEL = "-Onone";
				TARGETED_DEVICE_FAMILY = "1,2";
			};
			name = Debug;
		};
		1907C51E1E4D22FA00BD7623 /* Release */ = {
			isa = XCBuildConfiguration;
			buildSettings = {
				ALWAYS_SEARCH_USER_PATHS = NO;
				CLANG_ANALYZER_NONNULL = YES;
				CLANG_CXX_LANGUAGE_STANDARD = "gnu++0x";
				CLANG_CXX_LIBRARY = "libc++";
				CLANG_ENABLE_MODULES = YES;
				CLANG_ENABLE_OBJC_ARC = YES;
				CLANG_WARN_BOOL_CONVERSION = YES;
				CLANG_WARN_CONSTANT_CONVERSION = YES;
				CLANG_WARN_DIRECT_OBJC_ISA_USAGE = YES_ERROR;
				CLANG_WARN_DOCUMENTATION_COMMENTS = YES;
				CLANG_WARN_EMPTY_BODY = YES;
				CLANG_WARN_ENUM_CONVERSION = YES;
				CLANG_WARN_INFINITE_RECURSION = YES;
				CLANG_WARN_INT_CONVERSION = YES;
				CLANG_WARN_OBJC_ROOT_CLASS = YES_ERROR;
				CLANG_WARN_SUSPICIOUS_MOVE = YES;
				CLANG_WARN_UNREACHABLE_CODE = YES;
				CLANG_WARN__DUPLICATE_METHOD_MATCH = YES;
				"CODE_SIGN_IDENTITY[sdk=iphoneos*]" = "iPhone Developer";
				COPY_PHASE_STRIP = NO;
				DEBUG_INFORMATION_FORMAT = "dwarf-with-dsym";
				ENABLE_NS_ASSERTIONS = NO;
				ENABLE_STRICT_OBJC_MSGSEND = YES;
				GCC_C_LANGUAGE_STANDARD = gnu99;
				GCC_NO_COMMON_BLOCKS = YES;
				GCC_WARN_64_TO_32_BIT_CONVERSION = YES;
				GCC_WARN_ABOUT_RETURN_TYPE = YES_ERROR;
				GCC_WARN_UNDECLARED_SELECTOR = YES;
				GCC_WARN_UNINITIALIZED_AUTOS = YES_AGGRESSIVE;
				GCC_WARN_UNUSED_FUNCTION = YES;
				GCC_WARN_UNUSED_VARIABLE = YES;
				IPHONEOS_DEPLOYMENT_TARGET = 10.2;
				MTL_ENABLE_DEBUG_INFO = NO;
				SDKROOT = iphoneos;
				SWIFT_OPTIMIZATION_LEVEL = "-Owholemodule";
				TARGETED_DEVICE_FAMILY = "1,2";
				VALIDATE_PRODUCT = YES;
			};
			name = Release;
		};
		1907C5201E4D22FA00BD7623 /* Debug */ = {
			isa = XCBuildConfiguration;
			buildSettings = {
				ASSETCATALOG_COMPILER_APPICON_NAME = AppIcon;
				INFOPLIST_FILE = HallPass/Info.plist;
				LD_RUNPATH_SEARCH_PATHS = "$(inherited) @executable_path/Frameworks";
				PRODUCT_BUNDLE_IDENTIFIER = com.Mitchcompany.HallPass;
				PRODUCT_NAME = "$(TARGET_NAME)";
				SWIFT_VERSION = 3.0;
			};
			name = Debug;
		};
		1907C5211E4D22FA00BD7623 /* Release */ = {
			isa = XCBuildConfiguration;
			buildSettings = {
				ASSETCATALOG_COMPILER_APPICON_NAME = AppIcon;
				INFOPLIST_FILE = HallPass/Info.plist;
				LD_RUNPATH_SEARCH_PATHS = "$(inherited) @executable_path/Frameworks";
				PRODUCT_BUNDLE_IDENTIFIER = com.Mitchcompany.HallPass;
				PRODUCT_NAME = "$(TARGET_NAME)";
				SWIFT_VERSION = 3.0;
			};
			name = Release;
		};
/* End XCBuildConfiguration section */

/* Begin XCConfigurationList section */
		1907C5081E4D22FA00BD7623 /* Build configuration list for PBXProject "HallPass" */ = {
			isa = XCConfigurationList;
			buildConfigurations = (
				1907C51D1E4D22FA00BD7623 /* Debug */,
				1907C51E1E4D22FA00BD7623 /* Release */,
			);
			defaultConfigurationIsVisible = 0;
			defaultConfigurationName = Release;
		};
		1907C51F1E4D22FA00BD7623 /* Build configuration list for PBXNativeTarget "HallPass" */ = {
			isa = XCConfigurationList;
			buildConfigurations = (
				1907C5201E4D22FA00BD7623 /* Debug */,
				1907C5211E4D22FA00BD7623 /* Release */,
			);
			defaultConfigurationIsVisible = 0;
			defaultConfigurationName = Release;
		};
/* End XCConfigurationList section */
	};
	rootObject = 1907C5051E4D22FA00BD7623 /* Project object */;
}
